
Microsoft Visual Studio Solution File, Format Version 12.00
# Visual Studio Version 16
VisualStudioVersion = 16.0.28729.10
MinimumVisualStudioVersion = 10.0.40219.1
Project("{FAE04EC0-301F-11D3-BF4B-00C04F79EFBC}") = "Peregruzka", "Peregruzka\Peregruzka.csproj", "{60A9DC3E-2DD2-4BE1-8110-0EFBE85138CD}"
EndProject
Global
	GlobalSection(SolutionConfigurationPlatforms) = preSolution
		Debug|Any CPU = Debug|Any CPU
		Release|Any CPU = Release|Any CPU
	EndGlobalSection
	GlobalSection(ProjectConfigurationPlatforms) = postSolution
		{60A9DC3E-2DD2-4BE1-8110-0EFBE85138CD}.Debug|Any CPU.ActiveCfg = Debug|Any CPU
		{60A9DC3E-2DD2-4BE1-8110-0EFBE85138CD}.Debug|Any CPU.Build.0 = Debug|Any CPU
		{60A9DC3E-2DD2-4BE1-8110-0EFBE85138CD}.Release|Any CPU.ActiveCfg = Release|Any CPU
		{60A9DC3E-2DD2-4BE1-8110-0EFBE85138CD}.Release|Any CPU.Build.0 = Release|Any CPU
	EndGlobalSection
	GlobalSection(SolutionProperties) = preSolution
		HideSolutionNode = FALSE
	EndGlobalSection
	GlobalSection(ExtensibilityGlobals) = postSolution
		SolutionGuid = {5541E09C-6D52-4ABC-980F-B656BB9724D1}
	EndGlobalSection
EndGlobal
