
Microsoft Visual Studio Solution File, Format Version 12.00
# Visual Studio Version 16
VisualStudioVersion = 16.0.28729.10
MinimumVisualStudioVersion = 10.0.40219.1
Project("{FAE04EC0-301F-11D3-BF4B-00C04F79EFBC}") = "ООП", "ООП\ООП.csproj", "{005924DA-767F-461A-BE37-EE7A36D365BB}"
EndProject
Global
	GlobalSection(SolutionConfigurationPlatforms) = preSolution
		Debug|Any CPU = Debug|Any CPU
		Release|Any CPU = Release|Any CPU
	EndGlobalSection
	GlobalSection(ProjectConfigurationPlatforms) = postSolution
		{005924DA-767F-461A-BE37-EE7A36D365BB}.Debug|Any CPU.ActiveCfg = Debug|Any CPU
		{005924DA-767F-461A-BE37-EE7A36D365BB}.Debug|Any CPU.Build.0 = Debug|Any CPU
		{005924DA-767F-461A-BE37-EE7A36D365BB}.Release|Any CPU.ActiveCfg = Release|Any CPU
		{005924DA-767F-461A-BE37-EE7A36D365BB}.Release|Any CPU.Build.0 = Release|Any CPU
	EndGlobalSection
	GlobalSection(SolutionProperties) = preSolution
		HideSolutionNode = FALSE
	EndGlobalSection
	GlobalSection(ExtensibilityGlobals) = postSolution
		SolutionGuid = {BBCA6906-C84E-46EA-99CB-85DAAD6FF5B1}
	EndGlobalSection
EndGlobal
