
Microsoft Visual Studio Solution File, Format Version 12.00
# Visual Studio Version 16
VisualStudioVersion = 16.0.28729.10
MinimumVisualStudioVersion = 10.0.40219.1
Project("{FAE04EC0-301F-11D3-BF4B-00C04F79EFBC}") = "Циклы", "Циклы\Циклы.csproj", "{6236AD14-6874-4029-A98D-F453B4DE31D2}"
EndProject
Global
	GlobalSection(SolutionConfigurationPlatforms) = preSolution
		Debug|Any CPU = Debug|Any CPU
		Release|Any CPU = Release|Any CPU
	EndGlobalSection
	GlobalSection(ProjectConfigurationPlatforms) = postSolution
		{6236AD14-6874-4029-A98D-F453B4DE31D2}.Debug|Any CPU.ActiveCfg = Debug|Any CPU
		{6236AD14-6874-4029-A98D-F453B4DE31D2}.Debug|Any CPU.Build.0 = Debug|Any CPU
		{6236AD14-6874-4029-A98D-F453B4DE31D2}.Release|Any CPU.ActiveCfg = Release|Any CPU
		{6236AD14-6874-4029-A98D-F453B4DE31D2}.Release|Any CPU.Build.0 = Release|Any CPU
	EndGlobalSection
	GlobalSection(SolutionProperties) = preSolution
		HideSolutionNode = FALSE
	EndGlobalSection
	GlobalSection(ExtensibilityGlobals) = postSolution
		SolutionGuid = {EAD139E7-8BBF-496E-BB92-B78FEA1BC2B5}
	EndGlobalSection
EndGlobal
