
Microsoft Visual Studio Solution File, Format Version 12.00
# Visual Studio Version 16
VisualStudioVersion = 16.0.28729.10
MinimumVisualStudioVersion = 10.0.40219.1
Project("{FAE04EC0-301F-11D3-BF4B-00C04F79EFBC}") = "Indexer", "Indexer\Indexer.csproj", "{2B59052A-C1EF-40A7-85DB-589896C2CBAD}"
EndProject
Global
	GlobalSection(SolutionConfigurationPlatforms) = preSolution
		Debug|Any CPU = Debug|Any CPU
		Release|Any CPU = Release|Any CPU
	EndGlobalSection
	GlobalSection(ProjectConfigurationPlatforms) = postSolution
		{2B59052A-C1EF-40A7-85DB-589896C2CBAD}.Debug|Any CPU.ActiveCfg = Debug|Any CPU
		{2B59052A-C1EF-40A7-85DB-589896C2CBAD}.Debug|Any CPU.Build.0 = Debug|Any CPU
		{2B59052A-C1EF-40A7-85DB-589896C2CBAD}.Release|Any CPU.ActiveCfg = Release|Any CPU
		{2B59052A-C1EF-40A7-85DB-589896C2CBAD}.Release|Any CPU.Build.0 = Release|Any CPU
	EndGlobalSection
	GlobalSection(SolutionProperties) = preSolution
		HideSolutionNode = FALSE
	EndGlobalSection
	GlobalSection(ExtensibilityGlobals) = postSolution
		SolutionGuid = {DF84D8A8-4B43-4E68-A9B6-2AF8F5B1FB2E}
	EndGlobalSection
EndGlobal
