
Microsoft Visual Studio Solution File, Format Version 12.00
# Visual Studio Version 16
VisualStudioVersion = 16.0.28729.10
MinimumVisualStudioVersion = 10.0.40219.1
Project("{FAE04EC0-301F-11D3-BF4B-00C04F79EFBC}") = "Set", "Set\Set.csproj", "{0147DC04-F960-455C-8378-385C6C8B2DDB}"
EndProject
Global
	GlobalSection(SolutionConfigurationPlatforms) = preSolution
		Debug|Any CPU = Debug|Any CPU
		Release|Any CPU = Release|Any CPU
	EndGlobalSection
	GlobalSection(ProjectConfigurationPlatforms) = postSolution
		{0147DC04-F960-455C-8378-385C6C8B2DDB}.Debug|Any CPU.ActiveCfg = Debug|Any CPU
		{0147DC04-F960-455C-8378-385C6C8B2DDB}.Debug|Any CPU.Build.0 = Debug|Any CPU
		{0147DC04-F960-455C-8378-385C6C8B2DDB}.Release|Any CPU.ActiveCfg = Release|Any CPU
		{0147DC04-F960-455C-8378-385C6C8B2DDB}.Release|Any CPU.Build.0 = Release|Any CPU
	EndGlobalSection
	GlobalSection(SolutionProperties) = preSolution
		HideSolutionNode = FALSE
	EndGlobalSection
	GlobalSection(ExtensibilityGlobals) = postSolution
		SolutionGuid = {ED110CA9-CA6B-425C-8598-614475AC5EDC}
	EndGlobalSection
EndGlobal
