
Microsoft Visual Studio Solution File, Format Version 12.00
# Visual Studio Version 16
VisualStudioVersion = 16.0.28729.10
MinimumVisualStudioVersion = 10.0.40219.1
Project("{FAE04EC0-301F-11D3-BF4B-00C04F79EFBC}") = "Fitness.BL", "Fitness.BL\Fitness.BL.csproj", "{21BF945C-C218-4ED3-A3BF-02D029E4C799}"
EndProject
Project("{FAE04EC0-301F-11D3-BF4B-00C04F79EFBC}") = "Fitness.CMD", "Fitness.CMD\Fitness.CMD.csproj", "{03EC5400-E867-4E76-A137-10219A3A04CD}"
EndProject
Global
	GlobalSection(SolutionConfigurationPlatforms) = preSolution
		Debug|Any CPU = Debug|Any CPU
		Release|Any CPU = Release|Any CPU
	EndGlobalSection
	GlobalSection(ProjectConfigurationPlatforms) = postSolution
		{21BF945C-C218-4ED3-A3BF-02D029E4C799}.Debug|Any CPU.ActiveCfg = Debug|Any CPU
		{21BF945C-C218-4ED3-A3BF-02D029E4C799}.Debug|Any CPU.Build.0 = Debug|Any CPU
		{21BF945C-C218-4ED3-A3BF-02D029E4C799}.Release|Any CPU.ActiveCfg = Release|Any CPU
		{21BF945C-C218-4ED3-A3BF-02D029E4C799}.Release|Any CPU.Build.0 = Release|Any CPU
		{03EC5400-E867-4E76-A137-10219A3A04CD}.Debug|Any CPU.ActiveCfg = Debug|Any CPU
		{03EC5400-E867-4E76-A137-10219A3A04CD}.Debug|Any CPU.Build.0 = Debug|Any CPU
		{03EC5400-E867-4E76-A137-10219A3A04CD}.Release|Any CPU.ActiveCfg = Release|Any CPU
		{03EC5400-E867-4E76-A137-10219A3A04CD}.Release|Any CPU.Build.0 = Release|Any CPU
	EndGlobalSection
	GlobalSection(SolutionProperties) = preSolution
		HideSolutionNode = FALSE
	EndGlobalSection
	GlobalSection(ExtensibilityGlobals) = postSolution
		SolutionGuid = {C62B344A-DEB2-468D-93B8-0D4E1F5A6F2C}
	EndGlobalSection
EndGlobal
