
Microsoft Visual Studio Solution File, Format Version 12.00
# Visual Studio Version 16
VisualStudioVersion = 16.0.28729.10
MinimumVisualStudioVersion = 10.0.40219.1
Project("{FAE04EC0-301F-11D3-BF4B-00C04F79EFBC}") = "CrmBl", "CrmBl\CrmBl.csproj", "{4C8AC625-FA83-477F-8A15-214B2C315A09}"
EndProject
Project("{FAE04EC0-301F-11D3-BF4B-00C04F79EFBC}") = "CrmUi", "CrmUi\CrmUi.csproj", "{2B49DAEE-FDBA-4FDB-B5F1-326061C66D0D}"
EndProject
Global
	GlobalSection(SolutionConfigurationPlatforms) = preSolution
		Debug|Any CPU = Debug|Any CPU
		Release|Any CPU = Release|Any CPU
	EndGlobalSection
	GlobalSection(ProjectConfigurationPlatforms) = postSolution
		{4C8AC625-FA83-477F-8A15-214B2C315A09}.Debug|Any CPU.ActiveCfg = Debug|Any CPU
		{4C8AC625-FA83-477F-8A15-214B2C315A09}.Debug|Any CPU.Build.0 = Debug|Any CPU
		{4C8AC625-FA83-477F-8A15-214B2C315A09}.Release|Any CPU.ActiveCfg = Release|Any CPU
		{4C8AC625-FA83-477F-8A15-214B2C315A09}.Release|Any CPU.Build.0 = Release|Any CPU
		{2B49DAEE-FDBA-4FDB-B5F1-326061C66D0D}.Debug|Any CPU.ActiveCfg = Debug|Any CPU
		{2B49DAEE-FDBA-4FDB-B5F1-326061C66D0D}.Debug|Any CPU.Build.0 = Debug|Any CPU
		{2B49DAEE-FDBA-4FDB-B5F1-326061C66D0D}.Release|Any CPU.ActiveCfg = Release|Any CPU
		{2B49DAEE-FDBA-4FDB-B5F1-326061C66D0D}.Release|Any CPU.Build.0 = Release|Any CPU
	EndGlobalSection
	GlobalSection(SolutionProperties) = preSolution
		HideSolutionNode = FALSE
	EndGlobalSection
	GlobalSection(ExtensibilityGlobals) = postSolution
		SolutionGuid = {E17197B4-22DD-430E-A3AF-2323AC5D38D8}
	EndGlobalSection
EndGlobal
